
Microsoft Visual Studio Solution File, Format Version 12.00
# Visual Studio 15
VisualStudioVersion = 15.0.28010.2041
MinimumVisualStudioVersion = 10.0.40219.1
Project("{FAE04EC0-301F-11D3-BF4B-00C04F79EFBC}") = "App1.Android", "App1\App1.Android\App1.Android.csproj", "{F55A03B1-39E7-4672-82A0-EBDC3830597D}"
EndProject
Project("{FAE04EC0-301F-11D3-BF4B-00C04F79EFBC}") = "App1", "App1\App1\App1.csproj", "{79CA877D-B836-48C8-B49F-F98BEB111F3D}"
EndProject
Global
	GlobalSection(SolutionConfigurationPlatforms) = preSolution
		Debug|Any CPU = Debug|Any CPU
		Release|Any CPU = Release|Any CPU
	EndGlobalSection
	GlobalSection(ProjectConfigurationPlatforms) = postSolution
		{F55A03B1-39E7-4672-82A0-EBDC3830597D}.Debug|Any CPU.ActiveCfg = Debug|Any CPU
		{F55A03B1-39E7-4672-82A0-EBDC3830597D}.Debug|Any CPU.Build.0 = Debug|Any CPU
		{F55A03B1-39E7-4672-82A0-EBDC3830597D}.Debug|Any CPU.Deploy.0 = Debug|Any CPU
		{F55A03B1-39E7-4672-82A0-EBDC3830597D}.Release|Any CPU.ActiveCfg = Release|Any CPU
		{F55A03B1-39E7-4672-82A0-EBDC3830597D}.Release|Any CPU.Build.0 = Release|Any CPU
		{F55A03B1-39E7-4672-82A0-EBDC3830597D}.Release|Any CPU.Deploy.0 = Release|Any CPU
		{79CA877D-B836-48C8-B49F-F98BEB111F3D}.Debug|Any CPU.ActiveCfg = Debug|Any CPU
		{79CA877D-B836-48C8-B49F-F98BEB111F3D}.Debug|Any CPU.Build.0 = Debug|Any CPU
		{79CA877D-B836-48C8-B49F-F98BEB111F3D}.Release|Any CPU.ActiveCfg = Release|Any CPU
		{79CA877D-B836-48C8-B49F-F98BEB111F3D}.Release|Any CPU.Build.0 = Release|Any CPU
	EndGlobalSection
	GlobalSection(SolutionProperties) = preSolution
		HideSolutionNode = FALSE
	EndGlobalSection
	GlobalSection(ExtensibilityGlobals) = postSolution
		SolutionGuid = {44F05532-6980-493C-98AA-36310AA050AE}
	EndGlobalSection
EndGlobal
